{
  "version": 4,
  "terraform_version": "1.7.3",
  "serial": 16,
  "lineage": "8929bf57-13d9-132a-e625-b2b7ebc678b1",
  "outputs": {},
  "resources": [
    {
      "module": "module.broken",
      "mode": "managed",
      "type": "newrelic_synthetics_broken_links_monitor",
      "name": "broken",
      "provider": "module.broken.provider[\"registry.terraform.io/newrelic/newrelic\"]",
      "instances": [
        {
          "index_key": "brok",
          "schema_version": 0,
          "attributes": {
            "account_id": 4438271,
            "guid": "NDQzODI3MXxTWU5USHxNT05JVE9SfDFjZjczMWQ4LTVhYWMtNDJhMS1iZjMwLTQ4YjJmMTkyYjliMA",
            "id": "NDQzODI3MXxTWU5USHxNT05JVE9SfDFjZjczMWQ4LTVhYWMtNDJhMS1iZjMwLTQ4YjJmMTkyYjliMA",
            "locations_private": null,
            "locations_public": [
              "AP_SOUTH_1"
            ],
            "name": "Sample Broken Links Monitor",
            "period": "EVERY_DAY",
            "period_in_minutes": 1440,
            "runtime_type": "NODE_API",
            "runtime_type_version": "16.10",
            "status": "ENABLED",
            "tag": [],
            "uri": "https://www.one.example.com"
          },
          "sensitive_attributes": [],
          "private": "bnVsbA=="
        }
      ]
    },
    {
      "module": "module.monitor",
      "mode": "managed",
      "type": "newrelic_synthetics_monitor",
      "name": "monitor",
      "provider": "module.monitor.provider[\"registry.terraform.io/newrelic/newrelic\"]",
      "instances": [
        {
          "index_key": "monitor1",
          "schema_version": 0,
          "attributes": {
            "account_id": 4438271,
            "bypass_head_request": null,
            "custom_header": [],
            "device_orientation": "LANDSCAPE",
            "device_type": "MOBILE",
            "enable_screenshot_on_failure_and_script": true,
            "id": "NDQzODI3MXxTWU5USHxNT05JVE9SfGJhMDdiY2M3LWE1NzktNDA1Yi1hZDM2LTg5ZDcxOWQ1OTM5Zg",
            "locations_private": null,
            "locations_public": [
              "AP_SOUTH_1"
            ],
            "name": "terafmonitor",
            "period": "EVERY_DAY",
            "period_in_minutes": 1440,
            "runtime_type": "CHROME_BROWSER",
            "runtime_type_version": "100",
            "script_language": "JAVASCRIPT",
            "status": "ENABLED",
            "tag": [],
            "treat_redirect_as_failure": null,
            "type": "BROWSER",
            "uri": "https://www.one.newrelic.com",
            "validation_string": "",
            "verify_ssl": false
          },
          "sensitive_attributes": [],
          "private": "bnVsbA=="
        }
      ]
    },
    {
      "module": "module.ping",
      "mode": "managed",
      "type": "newrelic_synthetics_monitor",
      "name": "monitor",
      "provider": "module.ping.provider[\"registry.terraform.io/newrelic/newrelic\"]",
      "instances": [
        {
          "index_key": "ping1",
          "schema_version": 0,
          "attributes": {
            "account_id": 4438271,
            "bypass_head_request": true,
            "custom_header": [],
            "device_orientation": "",
            "device_type": "",
            "enable_screenshot_on_failure_and_script": null,
            "id": "NDQzODI3MXxTWU5USHxNT05JVE9SfGY2MWUxYmIzLTFiNDEtNDM3Ni1iZDQwLTk2ZmZhMTc5MjFmNg",
            "locations_private": null,
            "locations_public": [
              "AP_SOUTH_1"
            ],
            "name": "monitor",
            "period": "EVERY_DAY",
            "period_in_minutes": 1440,
            "runtime_type": null,
            "runtime_type_version": null,
            "script_language": null,
            "status": "ENABLED",
            "tag": [],
            "treat_redirect_as_failure": true,
            "type": "SIMPLE",
            "uri": "https://www.one.newrelic.com",
            "validation_string": "success",
            "verify_ssl": true
          },
          "sensitive_attributes": [],
          "private": "bnVsbA=="
        }
      ]
    },
    {
      "module": "module.scripted",
      "mode": "managed",
      "type": "newrelic_synthetics_script_monitor",
      "name": "monitor",
      "provider": "module.scripted.provider[\"registry.terraform.io/newrelic/newrelic\"]",
      "instances": [
        {
          "index_key": "script",
          "schema_version": 0,
          "attributes": {
            "account_id": 4438271,
            "device_orientation": null,
            "device_type": null,
            "enable_screenshot_on_failure_and_script": null,
            "guid": "NDQzODI3MXxTWU5USHxNT05JVE9SfGI3NDliNzY5LTIxY2MtNDE1Yy04OTUyLTljNDcxNGUyNjQ2Zg",
            "id": "NDQzODI3MXxTWU5USHxNT05JVE9SfGI3NDliNzY5LTIxY2MtNDE1Yy04OTUyLTljNDcxNGUyNjQ2Zg",
            "location_private": [],
            "locations_public": [
              "AP_EAST_1",
              "AP_SOUTH_1"
            ],
            "name": "script_monitor",
            "period": "EVERY_DAY",
            "period_in_minutes": 1440,
            "runtime_type": "NODE_API",
            "runtime_type_version": "16.10",
            "script": "console.log('it works!')",
            "script_language": "JAVASCRIPT",
            "status": "ENABLED",
            "tag": [],
            "type": "SCRIPT_API"
          },
          "sensitive_attributes": [],
          "private": "bnVsbA=="
        }
      ]
    },
    {
      "module": "module.ssl",
      "mode": "managed",
      "type": "newrelic_synthetics_cert_check_monitor",
      "name": "ssl",
      "provider": "module.ssl.provider[\"registry.terraform.io/newrelic/newrelic\"]",
      "instances": [
        {
          "index_key": "ssl",
          "schema_version": 0,
          "attributes": {
            "account_id": 4438271,
            "certificate_expiration": 10,
            "domain": "www.example.com",
            "id": "NDQzODI3MXxTWU5USHxNT05JVE9SfDdhYmMzMTBiLTYyYTItNDE5MS05ZTU2LWVlODE4MDIxZDU1OQ",
            "locations_private": null,
            "locations_public": [
              "AP_SOUTH_1"
            ],
            "name": "certificate",
            "period": "EVERY_DAY",
            "period_in_minutes": 1440,
            "runtime_type": "NODE_API",
            "runtime_type_version": "16.10",
            "status": "ENABLED",
            "tag": []
          },
          "sensitive_attributes": [],
          "private": "bnVsbA=="
        }
      ]
    }
  ],
  "check_results": null
}
